
Microsoft Visual Studio Solution File, Format Version 12.00
# Visual Studio 15
VisualStudioVersion = 15.0.28307.852
MinimumVisualStudioVersion = 10.0.40219.1
Project("{FAE04EC0-301F-11D3-BF4B-00C04F79EFBC}") = "InteractiveTable", "InteractiveTable\InteractiveTable.csproj", "{58ED37AD-671E-4E2B-AC8E-7AE4ED8B8528}"
EndProject
Global
	GlobalSection(SolutionConfigurationPlatforms) = preSolution
		Debug|Any CPU = Debug|Any CPU
		Release|Any CPU = Release|Any CPU
	EndGlobalSection
	GlobalSection(ProjectConfigurationPlatforms) = postSolution
		{58ED37AD-671E-4E2B-AC8E-7AE4ED8B8528}.Debug|Any CPU.ActiveCfg = Debug|Any CPU
		{58ED37AD-671E-4E2B-AC8E-7AE4ED8B8528}.Debug|Any CPU.Build.0 = Debug|Any CPU
		{58ED37AD-671E-4E2B-AC8E-7AE4ED8B8528}.Release|Any CPU.ActiveCfg = Release|Any CPU
		{58ED37AD-671E-4E2B-AC8E-7AE4ED8B8528}.Release|Any CPU.Build.0 = Release|Any CPU
	EndGlobalSection
	GlobalSection(SolutionProperties) = preSolution
		HideSolutionNode = FALSE
	EndGlobalSection
	GlobalSection(ExtensibilityGlobals) = postSolution
		SolutionGuid = {BB7B7812-AD61-4CE2-AA1B-9B9346AEE369}
	EndGlobalSection
EndGlobal
